PODS:
  - Capacitor (8.3.0):
    - CapacitorCordova
  - CapacitorCordova (8.3.0)
  - CapacitorHaptics (8.0.2):
    - Capacitor

DEPENDENCIES:
  - "Capacitor (from `../../node_modules/@capacitor/ios`)"
  - "CapacitorCordova (from `../../node_modules/@capacitor/ios`)"
  - "CapacitorHaptics (from `../../node_modules/@capacitor/haptics`)"

EXTERNAL SOURCES:
  Capacitor:
    :path: "../../node_modules/@capacitor/ios"
  CapacitorCordova:
    :path: "../../node_modules/@capacitor/ios"
  CapacitorHaptics:
    :path: "../../node_modules/@capacitor/haptics"

SPEC CHECKSUMS:
  Capacitor: 22e541237135648c9aa736232bb4d2eec35fddcb
  CapacitorCordova: 2e1e2bb93b2f365309dc4ff18b72b9a69a7814a9
  CapacitorHaptics: 296f771ecd89c7a1bd92a7b6826a7d268e2e70f5

PODFILE CHECKSUM: 46c4b6016d375eef4ed2bd0ec06ac02872b3f619

COCOAPODS: 1.16.2
